// !$*UTF8*$!
{
	archiveVersion = 1;
	classes = {
	};
	objectVersion = 51;
	objects = {

/* Begin PBXBuildFile section */
		1DA24F9F2836358200D1AB58 /* LocalWebSocket.swift in Sources */ = {isa = PBXBuildFile; fileRef = 1DA24F9E2836358200D1AB58 /* LocalWebSocket.swift */; };
		1DA24FA228363FEC00D1AB58 /* WebSocketData.swift in Sources */ = {isa = PBXBuildFile; fileRef = 1DA24FA128363FEC00D1AB58 /* WebSocketData.swift */; };
		2DA2C77D112F2C8946509096 /* Pods_Logger.framework in Frameworks */ = {isa = PBXBuildFile; fileRef = 0904C1F82841F8B56EFCE38C /* Pods_Logger.framework */; };
		407C32A026F68AB00009E533 /* TopButtonsBar.swift in Sources */ = {isa = PBXBuildFile; fileRef = 407C329F26F68AB00009E533 /* TopButtonsBar.swift */; };
		407C32A226F6920B0009E533 /* LoggerModel.swift in Sources */ = {isa = PBXBuildFile; fileRef = 407C32A126F6920B0009E533 /* LoggerModel.swift */; };
		407C32A426F693550009E533 /* Helpers.swift in Sources */ = {isa = PBXBuildFile; fileRef = 407C32A326F693550009E533 /* Helpers.swift */; };
		407C32A726F694340009E533 /* LogTypeButton.swift in Sources */ = {isa = PBXBuildFile; fileRef = 407C32A626F694340009E533 /* LogTypeButton.swift */; };
		407C32AA26F696830009E533 /* LogTypeBar.swift in Sources */ = {isa = PBXBuildFile; fileRef = 407C32A926F696830009E533 /* LogTypeBar.swift */; };
		407C32AD26F7BC8D0009E533 /* LogsView.swift in Sources */ = {isa = PBXBuildFile; fileRef = 407C32AC26F7BC8D0009E533 /* LogsView.swift */; };
		407C32B026F7C0120009E533 /* EventModel.swift in Sources */ = {isa = PBXBuildFile; fileRef = 407C32AF26F7C0120009E533 /* EventModel.swift */; };
		407C32B426F7C1620009E533 /* EventsHeader.swift in Sources */ = {isa = PBXBuildFile; fileRef = 407C32B326F7C1620009E533 /* EventsHeader.swift */; };
		407C32B726F80B640009E533 /* AnyCodable.swift in Sources */ = {isa = PBXBuildFile; fileRef = 407C32B626F80B640009E533 /* AnyCodable.swift */; };
		407C32BB26F8CBBF0009E533 /* LogEventRow.swift in Sources */ = {isa = PBXBuildFile; fileRef = 407C32BA26F8CBBF0009E533 /* LogEventRow.swift */; };
		407C32BE26F8EC420009E533 /* BottomDetailView.swift in Sources */ = {isa = PBXBuildFile; fileRef = 407C32BD26F8EC420009E533 /* BottomDetailView.swift */; };
		407C32C026F8EE4B0009E533 /* InfoView.swift in Sources */ = {isa = PBXBuildFile; fileRef = 407C32BF26F8EE4B0009E533 /* InfoView.swift */; };
		407C32C226F8F38A0009E533 /* LogTypeView.swift in Sources */ = {isa = PBXBuildFile; fileRef = 407C32C126F8F38A0009E533 /* LogTypeView.swift */; };
		407C32C426F8F7A30009E533 /* InfoViewLabel.swift in Sources */ = {isa = PBXBuildFile; fileRef = 407C32C326F8F7A30009E533 /* InfoViewLabel.swift */; };
		407C32C626F904B20009E533 /* DetailsList.swift in Sources */ = {isa = PBXBuildFile; fileRef = 407C32C526F904B20009E533 /* DetailsList.swift */; };
		407C32CA26F908290009E533 /* DataModel.swift in Sources */ = {isa = PBXBuildFile; fileRef = 407C32C926F908290009E533 /* DataModel.swift */; };
		407C32CD26F921CE0009E533 /* DataModelHelper.swift in Sources */ = {isa = PBXBuildFile; fileRef = 407C32CC26F921CE0009E533 /* DataModelHelper.swift */; };
		407C32D026F955D90009E533 /* FiterTask.swift in Sources */ = {isa = PBXBuildFile; fileRef = 407C32CF26F955D90009E533 /* FiterTask.swift */; };
		407C32D226F969950009E533 /* UserDefaultManager.swift in Sources */ = {isa = PBXBuildFile; fileRef = 407C32D126F969940009E533 /* UserDefaultManager.swift */; };
		407C32D426F974160009E533 /* FilterManager.swift in Sources */ = {isa = PBXBuildFile; fileRef = 407C32D326F974160009E533 /* FilterManager.swift */; };
		407C32D626FA23990009E533 /* List+Extensions.swift in Sources */ = {isa = PBXBuildFile; fileRef = 407C32D526FA23990009E533 /* List+Extensions.swift */; };
		40A5BBDC26F61A9800649521 /* LoggerApp.swift in Sources */ = {isa = PBXBuildFile; fileRef = 40A5BBDB26F61A9800649521 /* LoggerApp.swift */; };
		40A5BBDE26F61A9800649521 /* MainLoggerView.swift in Sources */ = {isa = PBXBuildFile; fileRef = 40A5BBDD26F61A9800649521 /* MainLoggerView.swift */; };
		40A5BBE026F61A9A00649521 /* Assets.xcassets in Resources */ = {isa = PBXBuildFile; fileRef = 40A5BBDF26F61A9A00649521 /* Assets.xcassets */; };
		40A5BBE326F61A9A00649521 /* Preview Assets.xcassets in Resources */ = {isa = PBXBuildFile; fileRef = 40A5BBE226F61A9A00649521 /* Preview Assets.xcassets */; };
		40A5BBEF26F61A9B00649521 /* LoggerTests.swift in Sources */ = {isa = PBXBuildFile; fileRef = 40A5BBEE26F61A9B00649521 /* LoggerTests.swift */; };
		40A5BBFA26F61A9B00649521 /* LoggerUITests.swift in Sources */ = {isa = PBXBuildFile; fileRef = 40A5BBF926F61A9B00649521 /* LoggerUITests.swift */; };
		40A5BC0826F61B6F00649521 /* LoggerViewModel.swift in Sources */ = {isa = PBXBuildFile; fileRef = 40A5BC0726F61B6F00649521 /* LoggerViewModel.swift */; };
		40A5BC0A26F6361600649521 /* Styles.swift in Sources */ = {isa = PBXBuildFile; fileRef = 40A5BC0926F6361600649521 /* Styles.swift */; };
		40A5BC0E26F639D800649521 /* TopView.swift in Sources */ = {isa = PBXBuildFile; fileRef = 40A5BC0D26F639D800649521 /* TopView.swift */; };
		40A5BC1526F6465600649521 /* SearchBar.swift in Sources */ = {isa = PBXBuildFile; fileRef = 40A5BC1426F6465600649521 /* SearchBar.swift */; };
		40B38F7A26FAB51E000B96DE /* LocalSever.swift in Sources */ = {isa = PBXBuildFile; fileRef = 40B38F7926FAB51E000B96DE /* LocalSever.swift */; };
		40D5E17C26F65A1D00CB5A17 /* TopButton.swift in Sources */ = {isa = PBXBuildFile; fileRef = 40D5E17B26F65A1D00CB5A17 /* TopButton.swift */; };
		62292CE9B94754B23CF1E76B /* Pods_LoggerTests.framework in Frameworks */ = {isa = PBXBuildFile; fileRef = A6D59C3B65AA10F81B99E077 /* Pods_LoggerTests.framework */; };
		DF990B2CF92D8C6CEFDBB89F /* Pods_Logger_LoggerUITests.framework in Frameworks */ = {isa = PBXBuildFile; fileRef = 0537909BA982D709B7DB4528 /* Pods_Logger_LoggerUITests.framework */; };
/* End PBXBuildFile section */

/* Begin PBXContainerItemProxy section */
		40A5BBEB26F61A9A00649521 /* PBXContainerItemProxy */ = {
			isa = PBXContainerItemProxy;
			containerPortal = 40A5BBD026F61A9700649521 /* Project object */;
			proxyType = 1;
			remoteGlobalIDString = 40A5BBD726F61A9800649521;
			remoteInfo = Logger;
		};
		40A5BBF626F61A9B00649521 /* PBXContainerItemProxy */ = {
			isa = PBXContainerItemProxy;
			containerPortal = 40A5BBD026F61A9700649521 /* Project object */;
			proxyType = 1;
			remoteGlobalIDString = 40A5BBD726F61A9800649521;
			remoteInfo = Logger;
		};
/* End PBXContainerItemProxy section */

/* Begin PBXFileReference section */
		0537909BA982D709B7DB4528 /* Pods_Logger_LoggerUITests.framework */ = {isa = PBXFileReference; explicitFileType = wrapper.framework; includeInIndex = 0; path = Pods_Logger_LoggerUITests.framework; sourceTree = BUILT_PRODUCTS_DIR; };
		0904C1F82841F8B56EFCE38C /* Pods_Logger.framework */ = {isa = PBXFileReference; explicitFileType = wrapper.framework; includeInIndex = 0; path = Pods_Logger.framework; sourceTree = BUILT_PRODUCTS_DIR; };
		1D669FFC283F63A3007AFE51 /* Logger-debug.entitlements */ = {isa = PBXFileReference; fileEncoding = 4; lastKnownFileType = text.plist.entitlements; path = "Logger-debug.entitlements"; sourceTree = "<group>"; };
		1D669FFD283F63A3007AFE51 /* Logger-release.entitlements */ = {isa = PBXFileReference; fileEncoding = 4; lastKnownFileType = text.plist.entitlements; path = "Logger-release.entitlements"; sourceTree = "<group>"; };
		1DA24F9E2836358200D1AB58 /* LocalWebSocket.swift */ = {isa = PBXFileReference; lastKnownFileType = sourcecode.swift; path = LocalWebSocket.swift; sourceTree = "<group>"; };
		1DA24FA128363FEC00D1AB58 /* WebSocketData.swift */ = {isa = PBXFileReference; lastKnownFileType = sourcecode.swift; path = WebSocketData.swift; sourceTree = "<group>"; };
		37D0A501D60C8F4AB4FEAC95 /* Pods-LoggerTests.debug.xcconfig */ = {isa = PBXFileReference; includeInIndex = 1; lastKnownFileType = text.xcconfig; name = "Pods-LoggerTests.debug.xcconfig"; path = "Target Support Files/Pods-LoggerTests/Pods-LoggerTests.debug.xcconfig"; sourceTree = "<group>"; };
		407C329F26F68AB00009E533 /* TopButtonsBar.swift */ = {isa = PBXFileReference; lastKnownFileType = sourcecode.swift; path = TopButtonsBar.swift; sourceTree = "<group>"; };
		407C32A126F6920B0009E533 /* LoggerModel.swift */ = {isa = PBXFileReference; lastKnownFileType = sourcecode.swift; path = LoggerModel.swift; sourceTree = "<group>"; };
		407C32A326F693550009E533 /* Helpers.swift */ = {isa = PBXFileReference; lastKnownFileType = sourcecode.swift; path = Helpers.swift; sourceTree = "<group>"; };
		407C32A626F694340009E533 /* LogTypeButton.swift */ = {isa = PBXFileReference; lastKnownFileType = sourcecode.swift; path = LogTypeButton.swift; sourceTree = "<group>"; };
		407C32A926F696830009E533 /* LogTypeBar.swift */ = {isa = PBXFileReference; lastKnownFileType = sourcecode.swift; path = LogTypeBar.swift; sourceTree = "<group>"; };
		407C32AC26F7BC8D0009E533 /* LogsView.swift */ = {isa = PBXFileReference; lastKnownFileType = sourcecode.swift; path = LogsView.swift; sourceTree = "<group>"; };
		407C32AF26F7C0120009E533 /* EventModel.swift */ = {isa = PBXFileReference; lastKnownFileType = sourcecode.swift; path = EventModel.swift; sourceTree = "<group>"; };
		407C32B326F7C1620009E533 /* EventsHeader.swift */ = {isa = PBXFileReference; lastKnownFileType = sourcecode.swift; path = EventsHeader.swift; sourceTree = "<group>"; };
		407C32B626F80B640009E533 /* AnyCodable.swift */ = {isa = PBXFileReference; lastKnownFileType = sourcecode.swift; path = AnyCodable.swift; sourceTree = "<group>"; };
		407C32BA26F8CBBF0009E533 /* LogEventRow.swift */ = {isa = PBXFileReference; lastKnownFileType = sourcecode.swift; path = LogEventRow.swift; sourceTree = "<group>"; };
		407C32BD26F8EC420009E533 /* BottomDetailView.swift */ = {isa = PBXFileReference; lastKnownFileType = sourcecode.swift; path = BottomDetailView.swift; sourceTree = "<group>"; };
		407C32BF26F8EE4B0009E533 /* InfoView.swift */ = {isa = PBXFileReference; lastKnownFileType = sourcecode.swift; path = InfoView.swift; sourceTree = "<group>"; };
		407C32C126F8F38A0009E533 /* LogTypeView.swift */ = {isa = PBXFileReference; lastKnownFileType = sourcecode.swift; path = LogTypeView.swift; sourceTree = "<group>"; };
		407C32C326F8F7A30009E533 /* InfoViewLabel.swift */ = {isa = PBXFileReference; lastKnownFileType = sourcecode.swift; path = InfoViewLabel.swift; sourceTree = "<group>"; };
		407C32C526F904B20009E533 /* DetailsList.swift */ = {isa = PBXFileReference; lastKnownFileType = sourcecode.swift; path = DetailsList.swift; sourceTree = "<group>"; };
		407C32C926F908290009E533 /* DataModel.swift */ = {isa = PBXFileReference; lastKnownFileType = sourcecode.swift; path = DataModel.swift; sourceTree = "<group>"; };
		407C32CC26F921CE0009E533 /* DataModelHelper.swift */ = {isa = PBXFileReference; lastKnownFileType = sourcecode.swift; path = DataModelHelper.swift; sourceTree = "<group>"; };
		407C32CF26F955D90009E533 /* FiterTask.swift */ = {isa = PBXFileReference; lastKnownFileType = sourcecode.swift; path = FiterTask.swift; sourceTree = "<group>"; };
		407C32D126F969940009E533 /* UserDefaultManager.swift */ = {isa = PBXFileReference; lastKnownFileType = sourcecode.swift; path = UserDefaultManager.swift; sourceTree = "<group>"; };
		407C32D326F974160009E533 /* FilterManager.swift */ = {isa = PBXFileReference; lastKnownFileType = sourcecode.swift; path = FilterManager.swift; sourceTree = "<group>"; };
		407C32D526FA23990009E533 /* List+Extensions.swift */ = {isa = PBXFileReference; lastKnownFileType = sourcecode.swift; path = "List+Extensions.swift"; sourceTree = "<group>"; };
		40A5BBD826F61A9800649521 /* Logger.app */ = {isa = PBXFileReference; explicitFileType = wrapper.application; includeInIndex = 0; path = Logger.app; sourceTree = BUILT_PRODUCTS_DIR; };
		40A5BBDB26F61A9800649521 /* LoggerApp.swift */ = {isa = PBXFileReference; lastKnownFileType = sourcecode.swift; path = LoggerApp.swift; sourceTree = "<group>"; };
		40A5BBDD26F61A9800649521 /* MainLoggerView.swift */ = {isa = PBXFileReference; lastKnownFileType = sourcecode.swift; path = MainLoggerView.swift; sourceTree = "<group>"; };
		40A5BBDF26F61A9A00649521 /* Assets.xcassets */ = {isa = PBXFileReference; lastKnownFileType = folder.assetcatalog; path = Assets.xcassets; sourceTree = "<group>"; };
		40A5BBE226F61A9A00649521 /* Preview Assets.xcassets */ = {isa = PBXFileReference; lastKnownFileType = folder.assetcatalog; path = "Preview Assets.xcassets"; sourceTree = "<group>"; };
		40A5BBE426F61A9A00649521 /* Info.plist */ = {isa = PBXFileReference; lastKnownFileType = text.plist.xml; path = Info.plist; sourceTree = "<group>"; };
		40A5BBEA26F61A9A00649521 /* LoggerTests.xctest */ = {isa = PBXFileReference; explicitFileType = wrapper.cfbundle; includeInIndex = 0; path = LoggerTests.xctest; sourceTree = BUILT_PRODUCTS_DIR; };
		40A5BBEE26F61A9B00649521 /* LoggerTests.swift */ = {isa = PBXFileReference; lastKnownFileType = sourcecode.swift; path = LoggerTests.swift; sourceTree = "<group>"; };
		40A5BBF026F61A9B00649521 /* Info.plist */ = {isa = PBXFileReference; lastKnownFileType = text.plist.xml; path = Info.plist; sourceTree = "<group>"; };
		40A5BBF526F61A9B00649521 /* LoggerUITests.xctest */ = {isa = PBXFileReference; explicitFileType = wrapper.cfbundle; includeInIndex = 0; path = LoggerUITests.xctest; sourceTree = BUILT_PRODUCTS_DIR; };
		40A5BBF926F61A9B00649521 /* LoggerUITests.swift */ = {isa = PBXFileReference; lastKnownFileType = sourcecode.swift; path = LoggerUITests.swift; sourceTree = "<group>"; };
		40A5BBFB26F61A9B00649521 /* Info.plist */ = {isa = PBXFileReference; lastKnownFileType = text.plist.xml; path = Info.plist; sourceTree = "<group>"; };
		40A5BC0726F61B6F00649521 /* LoggerViewModel.swift */ = {isa = PBXFileReference; lastKnownFileType = sourcecode.swift; path = LoggerViewModel.swift; sourceTree = "<group>"; };
		40A5BC0926F6361600649521 /* Styles.swift */ = {isa = PBXFileReference; lastKnownFileType = sourcecode.swift; path = Styles.swift; sourceTree = "<group>"; };
		40A5BC0D26F639D800649521 /* TopView.swift */ = {isa = PBXFileReference; lastKnownFileType = sourcecode.swift; path = TopView.swift; sourceTree = "<group>"; };
		40A5BC1426F6465600649521 /* SearchBar.swift */ = {isa = PBXFileReference; lastKnownFileType = sourcecode.swift; path = SearchBar.swift; sourceTree = "<group>"; };
		40B38F7926FAB51E000B96DE /* LocalSever.swift */ = {isa = PBXFileReference; lastKnownFileType = sourcecode.swift; path = LocalSever.swift; sourceTree = "<group>"; };
		40D5E17B26F65A1D00CB5A17 /* TopButton.swift */ = {isa = PBXFileReference; lastKnownFileType = sourcecode.swift; path = TopButton.swift; sourceTree = "<group>"; };
		4CCE6CF47BD1C261884DB4F0 /* Pods-Logger.release.xcconfig */ = {isa = PBXFileReference; includeInIndex = 1; lastKnownFileType = text.xcconfig; name = "Pods-Logger.release.xcconfig"; path = "Target Support Files/Pods-Logger/Pods-Logger.release.xcconfig"; sourceTree = "<group>"; };
		51A48ABCCF7D2683436C5851 /* Pods-Logger.debug.xcconfig */ = {isa = PBXFileReference; includeInIndex = 1; lastKnownFileType = text.xcconfig; name = "Pods-Logger.debug.xcconfig"; path = "Target Support Files/Pods-Logger/Pods-Logger.debug.xcconfig"; sourceTree = "<group>"; };
		806633CF9C8548C6DF9F19A4 /* Pods-LoggerTests.release.xcconfig */ = {isa = PBXFileReference; includeInIndex = 1; lastKnownFileType = text.xcconfig; name = "Pods-LoggerTests.release.xcconfig"; path = "Target Support Files/Pods-LoggerTests/Pods-LoggerTests.release.xcconfig"; sourceTree = "<group>"; };
		813B5135F809F27F4A995B71 /* Pods-Logger-LoggerUITests.debug.xcconfig */ = {isa = PBXFileReference; includeInIndex = 1; lastKnownFileType = text.xcconfig; name = "Pods-Logger-LoggerUITests.debug.xcconfig"; path = "Target Support Files/Pods-Logger-LoggerUITests/Pods-Logger-LoggerUITests.debug.xcconfig"; sourceTree = "<group>"; };
		8C8EFB2114F9DA1F5CC5E30F /* Pods-Logger-LoggerUITests.release.xcconfig */ = {isa = PBXFileReference; includeInIndex = 1; lastKnownFileType = text.xcconfig; name = "Pods-Logger-LoggerUITests.release.xcconfig"; path = "Target Support Files/Pods-Logger-LoggerUITests/Pods-Logger-LoggerUITests.release.xcconfig"; sourceTree = "<group>"; };
		A6D59C3B65AA10F81B99E077 /* Pods_LoggerTests.framework */ = {isa = PBXFileReference; explicitFileType = wrapper.framework; includeInIndex = 0; path = Pods_LoggerTests.framework; sourceTree = BUILT_PRODUCTS_DIR; };
/* End PBXFileReference section */

/* Begin PBXFrameworksBuildPhase section */
		40A5BBD526F61A9800649521 /* Frameworks */ = {
			isa = PBXFrameworksBuildPhase;
			buildActionMask = 2147483647;
			files = (
				2DA2C77D112F2C8946509096 /* Pods_Logger.framework in Frameworks */,
			);
			runOnlyForDeploymentPostprocessing = 0;
		};
		40A5BBE726F61A9A00649521 /* Frameworks */ = {
			isa = PBXFrameworksBuildPhase;
			buildActionMask = 2147483647;
			files = (
				62292CE9B94754B23CF1E76B /* Pods_LoggerTests.framework in Frameworks */,
			);
			runOnlyForDeploymentPostprocessing = 0;
		};
		40A5BBF226F61A9B00649521 /* Frameworks */ = {
			isa = PBXFrameworksBuildPhase;
			buildActionMask = 2147483647;
			files = (
				DF990B2CF92D8C6CEFDBB89F /* Pods_Logger_LoggerUITests.framework in Frameworks */,
			);
			runOnlyForDeploymentPostprocessing = 0;
		};
/* End PBXFrameworksBuildPhase section */

/* Begin PBXGroup section */
		1D669FFB283F63A3007AFE51 /* Entitlements */ = {
			isa = PBXGroup;
			children = (
				1D669FFC283F63A3007AFE51 /* Logger-debug.entitlements */,
				1D669FFD283F63A3007AFE51 /* Logger-release.entitlements */,
			);
			path = Entitlements;
			sourceTree = "<group>";
		};
		1DA24FA028363FBA00D1AB58 /* WebSocketData */ = {
			isa = PBXGroup;
			children = (
				1DA24FA128363FEC00D1AB58 /* WebSocketData.swift */,
			);
			path = WebSocketData;
			sourceTree = "<group>";
		};
		407C32A526F693FA0009E533 /* LogTypeView */ = {
			isa = PBXGroup;
			children = (
				407C32A626F694340009E533 /* LogTypeButton.swift */,
				407C32A926F696830009E533 /* LogTypeBar.swift */,
			);
			path = LogTypeView;
			sourceTree = "<group>";
		};
		407C32A826F694410009E533 /* TopBar */ = {
			isa = PBXGroup;
			children = (
				40A5BC0D26F639D800649521 /* TopView.swift */,
				40D5E17B26F65A1D00CB5A17 /* TopButton.swift */,
				407C329F26F68AB00009E533 /* TopButtonsBar.swift */,
			);
			path = TopBar;
			sourceTree = "<group>";
		};
		407C32AB26F7BC7A0009E533 /* LogsView */ = {
			isa = PBXGroup;
			children = (
				407C32AC26F7BC8D0009E533 /* LogsView.swift */,
				407C32B326F7C1620009E533 /* EventsHeader.swift */,
				407C32BA26F8CBBF0009E533 /* LogEventRow.swift */,
			);
			path = LogsView;
			sourceTree = "<group>";
		};
		407C32AE26F7BFF70009E533 /* Models */ = {
			isa = PBXGroup;
			children = (
				407C32A126F6920B0009E533 /* LoggerModel.swift */,
				407C32AF26F7C0120009E533 /* EventModel.swift */,
				407C32C926F908290009E533 /* DataModel.swift */,
			);
			path = Models;
			sourceTree = "<group>";
		};
		407C32B526F80B490009E533 /* Extensions */ = {
			isa = PBXGroup;
			children = (
				407C32B626F80B640009E533 /* AnyCodable.swift */,
				407C32D526FA23990009E533 /* List+Extensions.swift */,
			);
			path = Extensions;
			sourceTree = "<group>";
		};
		407C32BC26F8EC290009E533 /* BottomDetailView */ = {
			isa = PBXGroup;
			children = (
				407C32BD26F8EC420009E533 /* BottomDetailView.swift */,
				407C32BF26F8EE4B0009E533 /* InfoView.swift */,
				407C32C326F8F7A30009E533 /* InfoViewLabel.swift */,
				407C32C126F8F38A0009E533 /* LogTypeView.swift */,
				407C32C526F904B20009E533 /* DetailsList.swift */,
			);
			path = BottomDetailView;
			sourceTree = "<group>";
		};
		407C32CB26F921A60009E533 /* Helpers */ = {
			isa = PBXGroup;
			children = (
				407C32A326F693550009E533 /* Helpers.swift */,
				407C32CC26F921CE0009E533 /* DataModelHelper.swift */,
				407C32D126F969940009E533 /* UserDefaultManager.swift */,
			);
			path = Helpers;
			sourceTree = "<group>";
		};
		407C32CE26F955A10009E533 /* Filter */ = {
			isa = PBXGroup;
			children = (
				407C32D326F974160009E533 /* FilterManager.swift */,
				407C32CF26F955D90009E533 /* FiterTask.swift */,
			);
			path = Filter;
			sourceTree = "<group>";
		};
		40A5BBCF26F61A9700649521 = {
			isa = PBXGroup;
			children = (
				40A5BBDA26F61A9800649521 /* Logger */,
				40A5BBED26F61A9B00649521 /* LoggerTests */,
				40A5BBF826F61A9B00649521 /* LoggerUITests */,
				40A5BBD926F61A9800649521 /* Products */,
				E3DE41EBBB266E7400FDB011 /* Pods */,
				60DFEC01EC633B35CC36EA03 /* Frameworks */,
			);
			sourceTree = "<group>";
		};
		40A5BBD926F61A9800649521 /* Products */ = {
			isa = PBXGroup;
			children = (
				40A5BBD826F61A9800649521 /* Logger.app */,
				40A5BBEA26F61A9A00649521 /* LoggerTests.xctest */,
				40A5BBF526F61A9B00649521 /* LoggerUITests.xctest */,
			);
			name = Products;
			sourceTree = "<group>";
		};
		40A5BBDA26F61A9800649521 /* Logger */ = {
			isa = PBXGroup;
			children = (
				1D669FFB283F63A3007AFE51 /* Entitlements */,
				1DA24FA028363FBA00D1AB58 /* WebSocketData */,
				40B38F7826FAB4C7000B96DE /* LocalServer */,
				407C32CE26F955A10009E533 /* Filter */,
				407C32B526F80B490009E533 /* Extensions */,
				407C32AE26F7BFF70009E533 /* Models */,
				40A5BC0B26F639A700649521 /* Views */,
				40A5BBDB26F61A9800649521 /* LoggerApp.swift */,
				40A5BC0726F61B6F00649521 /* LoggerViewModel.swift */,
				40A5BC0926F6361600649521 /* Styles.swift */,
				40A5BBDF26F61A9A00649521 /* Assets.xcassets */,
				40A5BBE426F61A9A00649521 /* Info.plist */,
				40A5BBE126F61A9A00649521 /* Preview Content */,
				407C32CB26F921A60009E533 /* Helpers */,
			);
			path = Logger;
			sourceTree = "<group>";
		};
		40A5BBE126F61A9A00649521 /* Preview Content */ = {
			isa = PBXGroup;
			children = (
				40A5BBE226F61A9A00649521 /* Preview Assets.xcassets */,
			);
			path = "Preview Content";
			sourceTree = "<group>";
		};
		40A5BBED26F61A9B00649521 /* LoggerTests */ = {
			isa = PBXGroup;
			children = (
				40A5BBEE26F61A9B00649521 /* LoggerTests.swift */,
				40A5BBF026F61A9B00649521 /* Info.plist */,
			);
			path = LoggerTests;
			sourceTree = "<group>";
		};
		40A5BBF826F61A9B00649521 /* LoggerUITests */ = {
			isa = PBXGroup;
			children = (
				40A5BBF926F61A9B00649521 /* LoggerUITests.swift */,
				40A5BBFB26F61A9B00649521 /* Info.plist */,
			);
			path = LoggerUITests;
			sourceTree = "<group>";
		};
		40A5BC0B26F639A700649521 /* Views */ = {
			isa = PBXGroup;
			children = (
				407C32BC26F8EC290009E533 /* BottomDetailView */,
				407C32AB26F7BC7A0009E533 /* LogsView */,
				407C32A826F694410009E533 /* TopBar */,
				407C32A526F693FA0009E533 /* LogTypeView */,
				40A5BC1626F64C6900649521 /* SearchBar */,
				40A5BBDD26F61A9800649521 /* MainLoggerView.swift */,
			);
			path = Views;
			sourceTree = "<group>";
		};
		40A5BC1626F64C6900649521 /* SearchBar */ = {
			isa = PBXGroup;
			children = (
				40A5BC1426F6465600649521 /* SearchBar.swift */,
			);
			path = SearchBar;
			sourceTree = "<group>";
		};
		40B38F7826FAB4C7000B96DE /* LocalServer */ = {
			isa = PBXGroup;
			children = (
				40B38F7926FAB51E000B96DE /* LocalSever.swift */,
				1DA24F9E2836358200D1AB58 /* LocalWebSocket.swift */,
			);
			path = LocalServer;
			sourceTree = "<group>";
		};
		60DFEC01EC633B35CC36EA03 /* Frameworks */ = {
			isa = PBXGroup;
			children = (
				0904C1F82841F8B56EFCE38C /* Pods_Logger.framework */,
				0537909BA982D709B7DB4528 /* Pods_Logger_LoggerUITests.framework */,
				A6D59C3B65AA10F81B99E077 /* Pods_LoggerTests.framework */,
			);
			name = Frameworks;
			sourceTree = "<group>";
		};
		E3DE41EBBB266E7400FDB011 /* Pods */ = {
			isa = PBXGroup;
			children = (
				51A48ABCCF7D2683436C5851 /* Pods-Logger.debug.xcconfig */,
				4CCE6CF47BD1C261884DB4F0 /* Pods-Logger.release.xcconfig */,
				813B5135F809F27F4A995B71 /* Pods-Logger-LoggerUITests.debug.xcconfig */,
				8C8EFB2114F9DA1F5CC5E30F /* Pods-Logger-LoggerUITests.release.xcconfig */,
				37D0A501D60C8F4AB4FEAC95 /* Pods-LoggerTests.debug.xcconfig */,
				806633CF9C8548C6DF9F19A4 /* Pods-LoggerTests.release.xcconfig */,
			);
			path = Pods;
			sourceTree = "<group>";
		};
/* End PBXGroup section */

/* Begin PBXNativeTarget section */
		40A5BBD726F61A9800649521 /* Logger */ = {
			isa = PBXNativeTarget;
			buildConfigurationList = 40A5BBFE26F61A9B00649521 /* Build configuration list for PBXNativeTarget "Logger" */;
			buildPhases = (
				090DDD1C314F115C3CAA9298 /* [CP] Check Pods Manifest.lock */,
				40A5BBD426F61A9800649521 /* Sources */,
				40A5BBD526F61A9800649521 /* Frameworks */,
				40A5BBD626F61A9800649521 /* Resources */,
				704984479D6213BC479F96D7 /* [CP] Embed Pods Frameworks */,
			);
			buildRules = (
			);
			dependencies = (
			);
			name = Logger;
			productName = Logger;
			productReference = 40A5BBD826F61A9800649521 /* Logger.app */;
			productType = "com.apple.product-type.application";
		};
		40A5BBE926F61A9A00649521 /* LoggerTests */ = {
			isa = PBXNativeTarget;
			buildConfigurationList = 40A5BC0126F61A9B00649521 /* Build configuration list for PBXNativeTarget "LoggerTests" */;
			buildPhases = (
				548D22B56ADDB04AA362CC95 /* [CP] Check Pods Manifest.lock */,
				40A5BBE626F61A9A00649521 /* Sources */,
				40A5BBE726F61A9A00649521 /* Frameworks */,
				40A5BBE826F61A9A00649521 /* Resources */,
			);
			buildRules = (
			);
			dependencies = (
				40A5BBEC26F61A9A00649521 /* PBXTargetDependency */,
			);
			name = LoggerTests;
			productName = LoggerTests;
			productReference = 40A5BBEA26F61A9A00649521 /* LoggerTests.xctest */;
			productType = "com.apple.product-type.bundle.unit-test";
		};
		40A5BBF426F61A9B00649521 /* LoggerUITests */ = {
			isa = PBXNativeTarget;
			buildConfigurationList = 40A5BC0426F61A9B00649521 /* Build configuration list for PBXNativeTarget "LoggerUITests" */;
			buildPhases = (
				E02B50C5A6A0480BFDF2B1DD /* [CP] Check Pods Manifest.lock */,
				40A5BBF126F61A9B00649521 /* Sources */,
				40A5BBF226F61A9B00649521 /* Frameworks */,
				40A5BBF326F61A9B00649521 /* Resources */,
				992B959BA69DEBB2F560D758 /* [CP] Embed Pods Frameworks */,
			);
			buildRules = (
			);
			dependencies = (
				40A5BBF726F61A9B00649521 /* PBXTargetDependency */,
			);
			name = LoggerUITests;
			productName = LoggerUITests;
			productReference = 40A5BBF526F61A9B00649521 /* LoggerUITests.xctest */;
			productType = "com.apple.product-type.bundle.ui-testing";
		};
/* End PBXNativeTarget section */

/* Begin PBXProject section */
		40A5BBD026F61A9700649521 /* Project object */ = {
			isa = PBXProject;
			attributes = {
				LastSwiftUpdateCheck = 1250;
				LastUpgradeCheck = 1250;
				TargetAttributes = {
					40A5BBD726F61A9800649521 = {
						CreatedOnToolsVersion = 12.5.1;
					};
					40A5BBE926F61A9A00649521 = {
						CreatedOnToolsVersion = 12.5.1;
						TestTargetID = 40A5BBD726F61A9800649521;
					};
					40A5BBF426F61A9B00649521 = {
						CreatedOnToolsVersion = 12.5.1;
						TestTargetID = 40A5BBD726F61A9800649521;
					};
				};
			};
			buildConfigurationList = 40A5BBD326F61A9700649521 /* Build configuration list for PBXProject "Logger" */;
			compatibilityVersion = "Xcode 9.3";
			developmentRegion = en;
			hasScannedForEncodings = 0;
			knownRegions = (
				en,
				Base,
			);
			mainGroup = 40A5BBCF26F61A9700649521;
			productRefGroup = 40A5BBD926F61A9800649521 /* Products */;
			projectDirPath = "";
			projectRoot = "";
			targets = (
				40A5BBD726F61A9800649521 /* Logger */,
				40A5BBE926F61A9A00649521 /* LoggerTests */,
				40A5BBF426F61A9B00649521 /* LoggerUITests */,
			);
		};
/* End PBXProject section */

/* Begin PBXResourcesBuildPhase section */
		40A5BBD626F61A9800649521 /* Resources */ = {
			isa = PBXResourcesBuildPhase;
			buildActionMask = 2147483647;
			files = (
				40A5BBE326F61A9A00649521 /* Preview Assets.xcassets in Resources */,
				40A5BBE026F61A9A00649521 /* Assets.xcassets in Resources */,
			);
			runOnlyForDeploymentPostprocessing = 0;
		};
		40A5BBE826F61A9A00649521 /* Resources */ = {
			isa = PBXResourcesBuildPhase;
			buildActionMask = 2147483647;
			files = (
			);
			runOnlyForDeploymentPostprocessing = 0;
		};
		40A5BBF326F61A9B00649521 /* Resources */ = {
			isa = PBXResourcesBuildPhase;
			buildActionMask = 2147483647;
			files = (
			);
			runOnlyForDeploymentPostprocessing = 0;
		};
/* End PBXResourcesBuildPhase section */

/* Begin PBXShellScriptBuildPhase section */
		090DDD1C314F115C3CAA9298 /* [CP] Check Pods Manifest.lock */ = {
			isa = PBXShellScriptBuildPhase;
			buildActionMask = 2147483647;
			files = (
			);
			inputFileListPaths = (
			);
			inputPaths = (
				"${PODS_PODFILE_DIR_PATH}/Podfile.lock",
				"${PODS_ROOT}/Manifest.lock",
			);
			name = "[CP] Check Pods Manifest.lock";
			outputFileListPaths = (
			);
			outputPaths = (
				"$(DERIVED_FILE_DIR)/Pods-Logger-checkManifestLockResult.txt",
			);
			runOnlyForDeploymentPostprocessing = 0;
			shellPath = /bin/sh;
			shellScript = "diff \"${PODS_PODFILE_DIR_PATH}/Podfile.lock\" \"${PODS_ROOT}/Manifest.lock\" > /dev/null\nif [ $? != 0 ] ; then\n    # print error to STDERR\n    echo \"error: The sandbox is not in sync with the Podfile.lock. Run 'pod install' or update your CocoaPods installation.\" >&2\n    exit 1\nfi\n# This output is used by Xcode 'outputs' to avoid re-running this script phase.\necho \"SUCCESS\" > \"${SCRIPT_OUTPUT_FILE_0}\"\n";
			showEnvVarsInLog = 0;
		};
		548D22B56ADDB04AA362CC95 /* [CP] Check Pods Manifest.lock */ = {
			isa = PBXShellScriptBuildPhase;
			buildActionMask = 2147483647;
			files = (
			);
			inputFileListPaths = (
			);
			inputPaths = (
				"${PODS_PODFILE_DIR_PATH}/Podfile.lock",
				"${PODS_ROOT}/Manifest.lock",
			);
			name = "[CP] Check Pods Manifest.lock";
			outputFileListPaths = (
			);
			outputPaths = (
				"$(DERIVED_FILE_DIR)/Pods-LoggerTests-checkManifestLockResult.txt",
			);
			runOnlyForDeploymentPostprocessing = 0;
			shellPath = /bin/sh;
			shellScript = "diff \"${PODS_PODFILE_DIR_PATH}/Podfile.lock\" \"${PODS_ROOT}/Manifest.lock\" > /dev/null\nif [ $? != 0 ] ; then\n    # print error to STDERR\n    echo \"error: The sandbox is not in sync with the Podfile.lock. Run 'pod install' or update your CocoaPods installation.\" >&2\n    exit 1\nfi\n# This output is used by Xcode 'outputs' to avoid re-running this script phase.\necho \"SUCCESS\" > \"${SCRIPT_OUTPUT_FILE_0}\"\n";
			showEnvVarsInLog = 0;
		};
		704984479D6213BC479F96D7 /* [CP] Embed Pods Frameworks */ = {
			isa = PBXShellScriptBuildPhase;
			buildActionMask = 2147483647;
			files = (
			);
			inputFileListPaths = (
				"${PODS_ROOT}/Target Support Files/Pods-Logger/Pods-Logger-frameworks-${CONFIGURATION}-input-files.xcfilelist",
			);
			name = "[CP] Embed Pods Frameworks";
			outputFileListPaths = (
				"${PODS_ROOT}/Target Support Files/Pods-Logger/Pods-Logger-frameworks-${CONFIGURATION}-output-files.xcfilelist",
			);
			runOnlyForDeploymentPostprocessing = 0;
			shellPath = /bin/sh;
			shellScript = "\"${PODS_ROOT}/Target Support Files/Pods-Logger/Pods-Logger-frameworks.sh\"\n";
			showEnvVarsInLog = 0;
		};
		992B959BA69DEBB2F560D758 /* [CP] Embed Pods Frameworks */ = {
			isa = PBXShellScriptBuildPhase;
			buildActionMask = 2147483647;
			files = (
			);
			inputFileListPaths = (
				"${PODS_ROOT}/Target Support Files/Pods-Logger-LoggerUITests/Pods-Logger-LoggerUITests-frameworks-${CONFIGURATION}-input-files.xcfilelist",
			);
			name = "[CP] Embed Pods Frameworks";
			outputFileListPaths = (
				"${PODS_ROOT}/Target Support Files/Pods-Logger-LoggerUITests/Pods-Logger-LoggerUITests-frameworks-${CONFIGURATION}-output-files.xcfilelist",
			);
			runOnlyForDeploymentPostprocessing = 0;
			shellPath = /bin/sh;
			shellScript = "\"${PODS_ROOT}/Target Support Files/Pods-Logger-LoggerUITests/Pods-Logger-LoggerUITests-frameworks.sh\"\n";
			showEnvVarsInLog = 0;
		};
		E02B50C5A6A0480BFDF2B1DD /* [CP] Check Pods Manifest.lock */ = {
			isa = PBXShellScriptBuildPhase;
			buildActionMask = 2147483647;
			files = (
			);
			inputFileListPaths = (
			);
			inputPaths = (
				"${PODS_PODFILE_DIR_PATH}/Podfile.lock",
				"${PODS_ROOT}/Manifest.lock",
			);
			name = "[CP] Check Pods Manifest.lock";
			outputFileListPaths = (
			);
			outputPaths = (
				"$(DERIVED_FILE_DIR)/Pods-Logger-LoggerUITests-checkManifestLockResult.txt",
			);
			runOnlyForDeploymentPostprocessing = 0;
			shellPath = /bin/sh;
			shellScript = "diff \"${PODS_PODFILE_DIR_PATH}/Podfile.lock\" \"${PODS_ROOT}/Manifest.lock\" > /dev/null\nif [ $? != 0 ] ; then\n    # print error to STDERR\n    echo \"error: The sandbox is not in sync with the Podfile.lock. Run 'pod install' or update your CocoaPods installation.\" >&2\n    exit 1\nfi\n# This output is used by Xcode 'outputs' to avoid re-running this script phase.\necho \"SUCCESS\" > \"${SCRIPT_OUTPUT_FILE_0}\"\n";
			showEnvVarsInLog = 0;
		};
/* End PBXShellScriptBuildPhase section */

/* Begin PBXSourcesBuildPhase section */
		40A5BBD426F61A9800649521 /* Sources */ = {
			isa = PBXSourcesBuildPhase;
			buildActionMask = 2147483647;
			files = (
				40A5BBDE26F61A9800649521 /* MainLoggerView.swift in Sources */,
				40A5BC0826F61B6F00649521 /* LoggerViewModel.swift in Sources */,
				407C32C626F904B20009E533 /* DetailsList.swift in Sources */,
				407C32D026F955D90009E533 /* FiterTask.swift in Sources */,
				40A5BC0E26F639D800649521 /* TopView.swift in Sources */,
				407C32A426F693550009E533 /* Helpers.swift in Sources */,
				407C32B026F7C0120009E533 /* EventModel.swift in Sources */,
				407C32D626FA23990009E533 /* List+Extensions.swift in Sources */,
				407C32AD26F7BC8D0009E533 /* LogsView.swift in Sources */,
				407C32C026F8EE4B0009E533 /* InfoView.swift in Sources */,
				40B38F7A26FAB51E000B96DE /* LocalSever.swift in Sources */,
				407C32C226F8F38A0009E533 /* LogTypeView.swift in Sources */,
				40A5BBDC26F61A9800649521 /* LoggerApp.swift in Sources */,
				407C32A726F694340009E533 /* LogTypeButton.swift in Sources */,
				1DA24FA228363FEC00D1AB58 /* WebSocketData.swift in Sources */,
				40A5BC0A26F6361600649521 /* Styles.swift in Sources */,
				407C32A026F68AB00009E533 /* TopButtonsBar.swift in Sources */,
				407C32D426F974160009E533 /* FilterManager.swift in Sources */,
				407C32AA26F696830009E533 /* LogTypeBar.swift in Sources */,
				407C32C426F8F7A30009E533 /* InfoViewLabel.swift in Sources */,
				1DA24F9F2836358200D1AB58 /* LocalWebSocket.swift in Sources */,
				407C32A226F6920B0009E533 /* LoggerModel.swift in Sources */,
				40A5BC1526F6465600649521 /* SearchBar.swift in Sources */,
				407C32B726F80B640009E533 /* AnyCodable.swift in Sources */,
				407C32BE26F8EC420009E533 /* BottomDetailView.swift in Sources */,
				407C32CD26F921CE0009E533 /* DataModelHelper.swift in Sources */,
				407C32BB26F8CBBF0009E533 /* LogEventRow.swift in Sources */,
				407C32D226F969950009E533 /* UserDefaultManager.swift in Sources */,
				407C32B426F7C1620009E533 /* EventsHeader.swift in Sources */,
				40D5E17C26F65A1D00CB5A17 /* TopButton.swift in Sources */,
				407C32CA26F908290009E533 /* DataModel.swift in Sources */,
			);
			runOnlyForDeploymentPostprocessing = 0;
		};
		40A5BBE626F61A9A00649521 /* Sources */ = {
			isa = PBXSourcesBuildPhase;
			buildActionMask = 2147483647;
			files = (
				40A5BBEF26F61A9B00649521 /* LoggerTests.swift in Sources */,
			);
			runOnlyForDeploymentPostprocessing = 0;
		};
		40A5BBF126F61A9B00649521 /* Sources */ = {
			isa = PBXSourcesBuildPhase;
			buildActionMask = 2147483647;
			files = (
				40A5BBFA26F61A9B00649521 /* LoggerUITests.swift in Sources */,
			);
			runOnlyForDeploymentPostprocessing = 0;
		};
/* End PBXSourcesBuildPhase section */

/* Begin PBXTargetDependency section */
		40A5BBEC26F61A9A00649521 /* PBXTargetDependency */ = {
			isa = PBXTargetDependency;
			target = 40A5BBD726F61A9800649521 /* Logger */;
			targetProxy = 40A5BBEB26F61A9A00649521 /* PBXContainerItemProxy */;
		};
		40A5BBF726F61A9B00649521 /* PBXTargetDependency */ = {
			isa = PBXTargetDependency;
			target = 40A5BBD726F61A9800649521 /* Logger */;
			targetProxy = 40A5BBF626F61A9B00649521 /* PBXContainerItemProxy */;
		};
/* End PBXTargetDependency section */

/* Begin XCBuildConfiguration section */
		40A5BBFC26F61A9B00649521 /* Debug */ = {
			isa = XCBuildConfiguration;
			buildSettings = {
				ALWAYS_SEARCH_USER_PATHS = NO;
				CLANG_ANALYZER_NONNULL = YES;
				CLANG_ANALYZER_NUMBER_OBJECT_CONVERSION = YES_AGGRESSIVE;
				CLANG_CXX_LANGUAGE_STANDARD = "gnu++14";
				CLANG_CXX_LIBRARY = "libc++";
				CLANG_ENABLE_MODULES = YES;
				CLANG_ENABLE_OBJC_ARC = YES;
				CLANG_ENABLE_OBJC_WEAK = YES;
				CLANG_WARN_BLOCK_CAPTURE_AUTORELEASING = YES;
				CLANG_WARN_BOOL_CONVERSION = YES;
				CLANG_WARN_COMMA = YES;
				CLANG_WARN_CONSTANT_CONVERSION = YES;
				CLANG_WARN_DEPRECATED_OBJC_IMPLEMENTATIONS = YES;
				CLANG_WARN_DIRECT_OBJC_ISA_USAGE = YES_ERROR;
				CLANG_WARN_DOCUMENTATION_COMMENTS = YES;
				CLANG_WARN_EMPTY_BODY = YES;
				CLANG_WARN_ENUM_CONVERSION = YES;
				CLANG_WARN_INFINITE_RECURSION = YES;
				CLANG_WARN_INT_CONVERSION = YES;
				CLANG_WARN_NON_LITERAL_NULL_CONVERSION = YES;
				CLANG_WARN_OBJC_IMPLICIT_RETAIN_SELF = YES;
				CLANG_WARN_OBJC_LITERAL_CONVERSION = YES;
				CLANG_WARN_OBJC_ROOT_CLASS = YES_ERROR;
				CLANG_WARN_QUOTED_INCLUDE_IN_FRAMEWORK_HEADER = YES;
				CLANG_WARN_RANGE_LOOP_ANALYSIS = YES;
				CLANG_WARN_STRICT_PROTOTYPES = YES;
				CLANG_WARN_SUSPICIOUS_MOVE = YES;
				CLANG_WARN_UNGUARDED_AVAILABILITY = YES_AGGRESSIVE;
				CLANG_WARN_UNREACHABLE_CODE = YES;
				CLANG_WARN__DUPLICATE_METHOD_MATCH = YES;
				COPY_PHASE_STRIP = NO;
				DEBUG_INFORMATION_FORMAT = dwarf;
				ENABLE_STRICT_OBJC_MSGSEND = YES;
				ENABLE_TESTABILITY = YES;
				GCC_C_LANGUAGE_STANDARD = gnu11;
				GCC_DYNAMIC_NO_PIC = NO;
				GCC_NO_COMMON_BLOCKS = YES;
				GCC_OPTIMIZATION_LEVEL = 0;
				GCC_PREPROCESSOR_DEFINITIONS = (
					"DEBUG=1",
					"$(inherited)",
				);
				GCC_WARN_64_TO_32_BIT_CONVERSION = YES;
				GCC_WARN_ABOUT_RETURN_TYPE = YES_ERROR;
				GCC_WARN_UNDECLARED_SELECTOR = YES;
				GCC_WARN_UNINITIALIZED_AUTOS = YES_AGGRESSIVE;
				GCC_WARN_UNUSED_FUNCTION = YES;
				GCC_WARN_UNUSED_VARIABLE = YES;
				MACOSX_DEPLOYMENT_TARGET = 11.3;
				MTL_ENABLE_DEBUG_INFO = INCLUDE_SOURCE;
				MTL_FAST_MATH = YES;
				ONLY_ACTIVE_ARCH = YES;
				SDKROOT = macosx;
				SWIFT_ACTIVE_COMPILATION_CONDITIONS = DEBUG;
				SWIFT_OPTIMIZATION_LEVEL = "-Onone";
			};
			name = Debug;
		};
		40A5BBFD26F61A9B00649521 /* Release */ = {
			isa = XCBuildConfiguration;
			buildSettings = {
				ALWAYS_SEARCH_USER_PATHS = NO;
				CLANG_ANALYZER_NONNULL = YES;
				CLANG_ANALYZER_NUMBER_OBJECT_CONVERSION = YES_AGGRESSIVE;
				CLANG_CXX_LANGUAGE_STANDARD = "gnu++14";
				CLANG_CXX_LIBRARY = "libc++";
				CLANG_ENABLE_MODULES = YES;
				CLANG_ENABLE_OBJC_ARC = YES;
				CLANG_ENABLE_OBJC_WEAK = YES;
				CLANG_WARN_BLOCK_CAPTURE_AUTORELEASING = YES;
				CLANG_WARN_BOOL_CONVERSION = YES;
				CLANG_WARN_COMMA = YES;
				CLANG_WARN_CONSTANT_CONVERSION = YES;
				CLANG_WARN_DEPRECATED_OBJC_IMPLEMENTATIONS = YES;
				CLANG_WARN_DIRECT_OBJC_ISA_USAGE = YES_ERROR;
				CLANG_WARN_DOCUMENTATION_COMMENTS = YES;
				CLANG_WARN_EMPTY_BODY = YES;
				CLANG_WARN_ENUM_CONVERSION = YES;
				CLANG_WARN_INFINITE_RECURSION = YES;
				CLANG_WARN_INT_CONVERSION = YES;
				CLANG_WARN_NON_LITERAL_NULL_CONVERSION = YES;
				CLANG_WARN_OBJC_IMPLICIT_RETAIN_SELF = YES;
				CLANG_WARN_OBJC_LITERAL_CONVERSION = YES;
				CLANG_WARN_OBJC_ROOT_CLASS = YES_ERROR;
				CLANG_WARN_QUOTED_INCLUDE_IN_FRAMEWORK_HEADER = YES;
				CLANG_WARN_RANGE_LOOP_ANALYSIS = YES;
				CLANG_WARN_STRICT_PROTOTYPES = YES;
				CLANG_WARN_SUSPICIOUS_MOVE = YES;
				CLANG_WARN_UNGUARDED_AVAILABILITY = YES_AGGRESSIVE;
				CLANG_WARN_UNREACHABLE_CODE = YES;
				CLANG_WARN__DUPLICATE_METHOD_MATCH = YES;
				COPY_PHASE_STRIP = NO;
				DEBUG_INFORMATION_FORMAT = "dwarf-with-dsym";
				ENABLE_NS_ASSERTIONS = NO;
				ENABLE_STRICT_OBJC_MSGSEND = YES;
				GCC_C_LANGUAGE_STANDARD = gnu11;
				GCC_NO_COMMON_BLOCKS = YES;
				GCC_WARN_64_TO_32_BIT_CONVERSION = YES;
				GCC_WARN_ABOUT_RETURN_TYPE = YES_ERROR;
				GCC_WARN_UNDECLARED_SELECTOR = YES;
				GCC_WARN_UNINITIALIZED_AUTOS = YES_AGGRESSIVE;
				GCC_WARN_UNUSED_FUNCTION = YES;
				GCC_WARN_UNUSED_VARIABLE = YES;
				MACOSX_DEPLOYMENT_TARGET = 11.3;
				MTL_ENABLE_DEBUG_INFO = NO;
				MTL_FAST_MATH = YES;
				SDKROOT = macosx;
				SWIFT_COMPILATION_MODE = wholemodule;
				SWIFT_OPTIMIZATION_LEVEL = "-O";
			};
			name = Release;
		};
		40A5BBFF26F61A9B00649521 /* Debug */ = {
			isa = XCBuildConfiguration;
			baseConfigurationReference = 51A48ABCCF7D2683436C5851 /* Pods-Logger.debug.xcconfig */;
			buildSettings = {
				ASSETCATALOG_COMPILER_APPICON_NAME = AppIcon;
				ASSETCATALOG_COMPILER_GLOBAL_ACCENT_COLOR_NAME = AccentColor;
				CODE_SIGN_ENTITLEMENTS = "Logger/Entitlements/Logger-debug.entitlements";
				CODE_SIGN_IDENTITY = "-";
				CODE_SIGN_STYLE = Manual;
				COMBINE_HIDPI_IMAGES = YES;
				DEVELOPMENT_ASSET_PATHS = "\"Logger/Preview Content\"";
				DEVELOPMENT_TEAM = "";
				ENABLE_HARDENED_RUNTIME = NO;
				ENABLE_PREVIEWS = YES;
				INFOPLIST_FILE = Logger/Info.plist;
				LD_RUNPATH_SEARCH_PATHS = (
					"$(inherited)",
					"@executable_path/../Frameworks",
				);
				MACOSX_DEPLOYMENT_TARGET = 12.3;
				PRODUCT_BUNDLE_IDENTIFIER = com.applicaster.logger;
				PRODUCT_NAME = "$(TARGET_NAME)";
				PROVISIONING_PROFILE_SPECIFIER = "";
				SWIFT_VERSION = 5.0;
			};
			name = Debug;
		};
		40A5BC0026F61A9B00649521 /* Release */ = {
			isa = XCBuildConfiguration;
			baseConfigurationReference = 4CCE6CF47BD1C261884DB4F0 /* Pods-Logger.release.xcconfig */;
			buildSettings = {
				ASSETCATALOG_COMPILER_APPICON_NAME = AppIcon;
				ASSETCATALOG_COMPILER_GLOBAL_ACCENT_COLOR_NAME = AccentColor;
				CODE_SIGN_ENTITLEMENTS = "Logger/Entitlements/Logger-release.entitlements";
				CODE_SIGN_IDENTITY = "-";
				CODE_SIGN_STYLE = Manual;
				COMBINE_HIDPI_IMAGES = YES;
				DEVELOPMENT_ASSET_PATHS = "\"Logger/Preview Content\"";
				DEVELOPMENT_TEAM = "";
				ENABLE_HARDENED_RUNTIME = YES;
				ENABLE_PREVIEWS = YES;
				INFOPLIST_FILE = Logger/Info.plist;
				LD_RUNPATH_SEARCH_PATHS = (
					"$(inherited)",
					"@executable_path/../Frameworks",
				);
				MACOSX_DEPLOYMENT_TARGET = 12.3;
				PRODUCT_BUNDLE_IDENTIFIER = com.applicaster.logger;
				PRODUCT_NAME = "$(TARGET_NAME)";
				PROVISIONING_PROFILE_SPECIFIER = "";
				SWIFT_VERSION = 5.0;
			};
			name = Release;
		};
		40A5BC0226F61A9B00649521 /* Debug */ = {
			isa = XCBuildConfiguration;
			baseConfigurationReference = 37D0A501D60C8F4AB4FEAC95 /* Pods-LoggerTests.debug.xcconfig */;
			buildSettings = {
				BUNDLE_LOADER = "$(TEST_HOST)";
				CODE_SIGN_STYLE = Automatic;
				COMBINE_HIDPI_IMAGES = YES;
				INFOPLIST_FILE = LoggerTests/Info.plist;
				LD_RUNPATH_SEARCH_PATHS = (
					"$(inherited)",
					"@executable_path/../Frameworks",
					"@loader_path/../Frameworks",
				);
				MACOSX_DEPLOYMENT_TARGET = 11.0;
				PRODUCT_BUNDLE_IDENTIFIER = FrameworksApp.applicaster.com.LoggerTests;
				PRODUCT_NAME = "$(TARGET_NAME)";
				SWIFT_VERSION = 5.0;
				TEST_HOST = "$(BUILT_PRODUCTS_DIR)/Logger.app/Contents/MacOS/Logger";
			};
			name = Debug;
		};
		40A5BC0326F61A9B00649521 /* Release */ = {
			isa = XCBuildConfiguration;
			baseConfigurationReference = 806633CF9C8548C6DF9F19A4 /* Pods-LoggerTests.release.xcconfig */;
			buildSettings = {
				BUNDLE_LOADER = "$(TEST_HOST)";
				CODE_SIGN_STYLE = Automatic;
				COMBINE_HIDPI_IMAGES = YES;
				INFOPLIST_FILE = LoggerTests/Info.plist;
				LD_RUNPATH_SEARCH_PATHS = (
					"$(inherited)",
					"@executable_path/../Frameworks",
					"@loader_path/../Frameworks",
				);
				MACOSX_DEPLOYMENT_TARGET = 11.0;
				PRODUCT_BUNDLE_IDENTIFIER = FrameworksApp.applicaster.com.LoggerTests;
				PRODUCT_NAME = "$(TARGET_NAME)";
				SWIFT_VERSION = 5.0;
				TEST_HOST = "$(BUILT_PRODUCTS_DIR)/Logger.app/Contents/MacOS/Logger";
			};
			name = Release;
		};
		40A5BC0526F61A9B00649521 /* Debug */ = {
			isa = XCBuildConfiguration;
			baseConfigurationReference = 813B5135F809F27F4A995B71 /* Pods-Logger-LoggerUITests.debug.xcconfig */;
			buildSettings = {
				CODE_SIGN_STYLE = Automatic;
				COMBINE_HIDPI_IMAGES = YES;
				INFOPLIST_FILE = LoggerUITests/Info.plist;
				LD_RUNPATH_SEARCH_PATHS = (
					"$(inherited)",
					"@executable_path/../Frameworks",
					"@loader_path/../Frameworks",
				);
				PRODUCT_BUNDLE_IDENTIFIER = FrameworksApp.applicaster.com.LoggerUITests;
				PRODUCT_NAME = "$(TARGET_NAME)";
				SWIFT_VERSION = 5.0;
				TEST_TARGET_NAME = Logger;
			};
			name = Debug;
		};
		40A5BC0626F61A9B00649521 /* Release */ = {
			isa = XCBuildConfiguration;
			baseConfigurationReference = 8C8EFB2114F9DA1F5CC5E30F /* Pods-Logger-LoggerUITests.release.xcconfig */;
			buildSettings = {
				CODE_SIGN_STYLE = Automatic;
				COMBINE_HIDPI_IMAGES = YES;
				INFOPLIST_FILE = LoggerUITests/Info.plist;
				LD_RUNPATH_SEARCH_PATHS = (
					"$(inherited)",
					"@executable_path/../Frameworks",
					"@loader_path/../Frameworks",
				);
				PRODUCT_BUNDLE_IDENTIFIER = FrameworksApp.applicaster.com.LoggerUITests;
				PRODUCT_NAME = "$(TARGET_NAME)";
				SWIFT_VERSION = 5.0;
				TEST_TARGET_NAME = Logger;
			};
			name = Release;
		};
/* End XCBuildConfiguration section */

/* Begin XCConfigurationList section */
		40A5BBD326F61A9700649521 /* Build configuration list for PBXProject "Logger" */ = {
			isa = XCConfigurationList;
			buildConfigurations = (
				40A5BBFC26F61A9B00649521 /* Debug */,
				40A5BBFD26F61A9B00649521 /* Release */,
			);
			defaultConfigurationIsVisible = 0;
			defaultConfigurationName = Release;
		};
		40A5BBFE26F61A9B00649521 /* Build configuration list for PBXNativeTarget "Logger" */ = {
			isa = XCConfigurationList;
			buildConfigurations = (
				40A5BBFF26F61A9B00649521 /* Debug */,
				40A5BC0026F61A9B00649521 /* Release */,
			);
			defaultConfigurationIsVisible = 0;
			defaultConfigurationName = Release;
		};
		40A5BC0126F61A9B00649521 /* Build configuration list for PBXNativeTarget "LoggerTests" */ = {
			isa = XCConfigurationList;
			buildConfigurations = (
				40A5BC0226F61A9B00649521 /* Debug */,
				40A5BC0326F61A9B00649521 /* Release */,
			);
			defaultConfigurationIsVisible = 0;
			defaultConfigurationName = Release;
		};
		40A5BC0426F61A9B00649521 /* Build configuration list for PBXNativeTarget "LoggerUITests" */ = {
			isa = XCConfigurationList;
			buildConfigurations = (
				40A5BC0526F61A9B00649521 /* Debug */,
				40A5BC0626F61A9B00649521 /* Release */,
			);
			defaultConfigurationIsVisible = 0;
			defaultConfigurationName = Release;
		};
/* End XCConfigurationList section */
	};
	rootObject = 40A5BBD026F61A9700649521 /* Project object */;
}
